// !$*UTF8*$!
{
	archiveVersion = 1;
	classes = {
	};
	objectVersion = 50;
	objects = {

/* Begin PBXBuildFile section */
		5201E2F52663348F009D874E /* AppDelegate.swift in Sources */ = {isa = PBXBuildFile; fileRef = 5201E2F42663348F009D874E /* AppDelegate.swift */; };
		5201E2F72663348F009D874E /* SceneDelegate.swift in Sources */ = {isa = PBXBuildFile; fileRef = 5201E2F62663348F009D874E /* SceneDelegate.swift */; };
		5201E2F92663348F009D874E /* ViewController.swift in Sources */ = {isa = PBXBuildFile; fileRef = 5201E2F82663348F009D874E /* ViewController.swift */; };
		5201E2FC2663348F009D874E /* Main.storyboard in Resources */ = {isa = PBXBuildFile; fileRef = 5201E2FA2663348F009D874E /* Main.storyboard */; };
		5201E2FE26633497009D874E /* Assets.xcassets in Resources */ = {isa = PBXBuildFile; fileRef = 5201E2FD26633497009D874E /* Assets.xcassets */; };
		5201E30126633497009D874E /* LaunchScreen.storyboard in Resources */ = {isa = PBXBuildFile; fileRef = 5201E2FF26633497009D874E /* LaunchScreen.storyboard */; };
		5201E30C26633497009D874E /* DYZBTests.swift in Sources */ = {isa = PBXBuildFile; fileRef = 5201E30B26633497009D874E /* DYZBTests.swift */; };
		5201E31726633497009D874E /* DYZBUITests.swift in Sources */ = {isa = PBXBuildFile; fileRef = 5201E31626633497009D874E /* DYZBUITests.swift */; };
		5208188E26651D6E00BCC909 /* github命令使用.md in Resources */ = {isa = PBXBuildFile; fileRef = 5208188D26651D6E00BCC909 /* github命令使用.md */; };
		5208189026651D8800BCC909 /* APP框架记录.md in Resources */ = {isa = PBXBuildFile; fileRef = 5208188F26651D8800BCC909 /* APP框架记录.md */; };
		5208189226651D9100BCC909 /* 获取斗鱼IPA图片资源.md in Resources */ = {isa = PBXBuildFile; fileRef = 5208189126651D9100BCC909 /* 获取斗鱼IPA图片资源.md */; };
		52FC8578266672BB0083B06C /* Home.storyboard in Resources */ = {isa = PBXBuildFile; fileRef = 52FC8576266672BB0083B06C /* Home.storyboard */; };
		52FC857B2666730A0083B06C /* Live.storyboard in Resources */ = {isa = PBXBuildFile; fileRef = 52FC85792666730A0083B06C /* Live.storyboard */; };
		52FC857E266673280083B06C /* Follow.storyboard in Resources */ = {isa = PBXBuildFile; fileRef = 52FC857C266673280083B06C /* Follow.storyboard */; };
		52FC8581266673B30083B06C /* Profile.storyboard in Resources */ = {isa = PBXBuildFile; fileRef = 52FC857F266673B30083B06C /* Profile.storyboard */; };
/* End PBXBuildFile section */

/* Begin PBXContainerItemProxy section */
		5201E30826633497009D874E /* PBXContainerItemProxy */ = {
			isa = PBXContainerItemProxy;
			containerPortal = 5201E2E92663348F009D874E /* Project object */;
			proxyType = 1;
			remoteGlobalIDString = 5201E2F02663348F009D874E;
			remoteInfo = DYZB;
		};
		5201E31326633497009D874E /* PBXContainerItemProxy */ = {
			isa = PBXContainerItemProxy;
			containerPortal = 5201E2E92663348F009D874E /* Project object */;
			proxyType = 1;
			remoteGlobalIDString = 5201E2F02663348F009D874E;
			remoteInfo = DYZB;
		};
/* End PBXContainerItemProxy section */

/* Begin PBXFileReference section */
		5201E2F12663348F009D874E /* DYZB.app */ = {isa = PBXFileReference; explicitFileType = wrapper.application; includeInIndex = 0; path = DYZB.app; sourceTree = BUILT_PRODUCTS_DIR; };
		5201E2F42663348F009D874E /* AppDelegate.swift */ = {isa = PBXFileReference; lastKnownFileType = sourcecode.swift; path = AppDelegate.swift; sourceTree = "<group>"; };
		5201E2F62663348F009D874E /* SceneDelegate.swift */ = {isa = PBXFileReference; lastKnownFileType = sourcecode.swift; path = SceneDelegate.swift; sourceTree = "<group>"; };
		5201E2F82663348F009D874E /* ViewController.swift */ = {isa = PBXFileReference; lastKnownFileType = sourcecode.swift; path = ViewController.swift; sourceTree = "<group>"; };
		5201E2FB2663348F009D874E /* Base */ = {isa = PBXFileReference; lastKnownFileType = file.storyboard; name = Base; path = Base.lproj/Main.storyboard; sourceTree = "<group>"; };
		5201E2FD26633497009D874E /* Assets.xcassets */ = {isa = PBXFileReference; lastKnownFileType = folder.assetcatalog; path = Assets.xcassets; sourceTree = "<group>"; };
		5201E30026633497009D874E /* Base */ = {isa = PBXFileReference; lastKnownFileType = file.storyboard; name = Base; path = Base.lproj/LaunchScreen.storyboard; sourceTree = "<group>"; };
		5201E30226633497009D874E /* Info.plist */ = {isa = PBXFileReference; lastKnownFileType = text.plist.xml; path = Info.plist; sourceTree = "<group>"; };
		5201E30726633497009D874E /* DYZBTests.xctest */ = {isa = PBXFileReference; explicitFileType = wrapper.cfbundle; includeInIndex = 0; path = DYZBTests.xctest; sourceTree = BUILT_PRODUCTS_DIR; };
		5201E30B26633497009D874E /* DYZBTests.swift */ = {isa = PBXFileReference; lastKnownFileType = sourcecode.swift; path = DYZBTests.swift; sourceTree = "<group>"; };
		5201E30D26633497009D874E /* Info.plist */ = {isa = PBXFileReference; lastKnownFileType = text.plist.xml; path = Info.plist; sourceTree = "<group>"; };
		5201E31226633497009D874E /* DYZBUITests.xctest */ = {isa = PBXFileReference; explicitFileType = wrapper.cfbundle; includeInIndex = 0; path = DYZBUITests.xctest; sourceTree = BUILT_PRODUCTS_DIR; };
		5201E31626633497009D874E /* DYZBUITests.swift */ = {isa = PBXFileReference; lastKnownFileType = sourcecode.swift; path = DYZBUITests.swift; sourceTree = "<group>"; };
		5201E31826633497009D874E /* Info.plist */ = {isa = PBXFileReference; lastKnownFileType = text.plist.xml; path = Info.plist; sourceTree = "<group>"; };
		5208188D26651D6E00BCC909 /* github命令使用.md */ = {isa = PBXFileReference; fileEncoding = 4; lastKnownFileType = net.daringfireball.markdown; path = "github命令使用.md"; sourceTree = SOURCE_ROOT; };
		5208188F26651D8800BCC909 /* APP框架记录.md */ = {isa = PBXFileReference; fileEncoding = 4; lastKnownFileType = net.daringfireball.markdown; path = "APP框架记录.md"; sourceTree = SOURCE_ROOT; };
		5208189126651D9100BCC909 /* 获取斗鱼IPA图片资源.md */ = {isa = PBXFileReference; fileEncoding = 4; lastKnownFileType = net.daringfireball.markdown; path = "获取斗鱼IPA图片资源.md"; sourceTree = SOURCE_ROOT; };
		52FC8577266672BB0083B06C /* Base */ = {isa = PBXFileReference; lastKnownFileType = file.storyboard; name = Base; path = DYZB/Base.lproj/Home.storyboard; sourceTree = "<group>"; };
		52FC857A2666730A0083B06C /* Base */ = {isa = PBXFileReference; lastKnownFileType = file.storyboard; name = Base; path = DYZB/Base.lproj/Live.storyboard; sourceTree = "<group>"; };
		52FC857D266673280083B06C /* Base */ = {isa = PBXFileReference; lastKnownFileType = file.storyboard; name = Base; path = DYZB/Base.lproj/Follow.storyboard; sourceTree = "<group>"; };
		52FC8580266673B30083B06C /* Base */ = {isa = PBXFileReference; lastKnownFileType = file.storyboard; name = Base; path = DYZB/Base.lproj/Profile.storyboard; sourceTree = "<group>"; };
/* End PBXFileReference section */

/* Begin PBXFrameworksBuildPhase section */
		5201E2EE2663348F009D874E /* Frameworks */ = {
			isa = PBXFrameworksBuildPhase;
			buildActionMask = 2147483647;
			files = (
			);
			runOnlyForDeploymentPostprocessing = 0;
		};
		5201E30426633497009D874E /* Frameworks */ = {
			isa = PBXFrameworksBuildPhase;
			buildActionMask = 2147483647;
			files = (
			);
			runOnlyForDeploymentPostprocessing = 0;
		};
		5201E30F26633497009D874E /* Frameworks */ = {
			isa = PBXFrameworksBuildPhase;
			buildActionMask = 2147483647;
			files = (
			);
			runOnlyForDeploymentPostprocessing = 0;
		};
/* End PBXFrameworksBuildPhase section */

/* Begin PBXGroup section */
		5201E2E82663348F009D874E = {
			isa = PBXGroup;
			children = (
				52FC857F266673B30083B06C /* Profile.storyboard */,
				52FC857C266673280083B06C /* Follow.storyboard */,
				52FC85792666730A0083B06C /* Live.storyboard */,
				52FC8576266672BB0083B06C /* Home.storyboard */,
				5201E2F32663348F009D874E /* DYZB */,
				5201E30A26633497009D874E /* DYZBTests */,
				5201E31526633497009D874E /* DYZBUITests */,
				5201E2F22663348F009D874E /* Products */,
			);
			sourceTree = "<group>";
		};
		5201E2F22663348F009D874E /* Products */ = {
			isa = PBXGroup;
			children = (
				5201E2F12663348F009D874E /* DYZB.app */,
				5201E30726633497009D874E /* DYZBTests.xctest */,
				5201E31226633497009D874E /* DYZBUITests.xctest */,
			);
			name = Products;
			sourceTree = "<group>";
		};
		5201E2F32663348F009D874E /* DYZB */ = {
			isa = PBXGroup;
			children = (
				52FC856F266672390083B06C /* Classes */,
				5201E2F42663348F009D874E /* AppDelegate.swift */,
				5201E2F62663348F009D874E /* SceneDelegate.swift */,
				5201E2F82663348F009D874E /* ViewController.swift */,
				5201E2FA2663348F009D874E /* Main.storyboard */,
				5208189126651D9100BCC909 /* 获取斗鱼IPA图片资源.md */,
				5208188F26651D8800BCC909 /* APP框架记录.md */,
				5208188D26651D6E00BCC909 /* github命令使用.md */,
				5201E2FD26633497009D874E /* Assets.xcassets */,
				5201E2FF26633497009D874E /* LaunchScreen.storyboard */,
				5201E30226633497009D874E /* Info.plist */,
			);
			path = DYZB;
			sourceTree = "<group>";
		};
		5201E30A26633497009D874E /* DYZBTests */ = {
			isa = PBXGroup;
			children = (
				5201E30B26633497009D874E /* DYZBTests.swift */,
				5201E30D26633497009D874E /* Info.plist */,
			);
			path = DYZBTests;
			sourceTree = "<group>";
		};
		5201E31526633497009D874E /* DYZBUITests */ = {
			isa = PBXGroup;
			children = (
				5201E31626633497009D874E /* DYZBUITests.swift */,
				5201E31826633497009D874E /* Info.plist */,
			);
			path = DYZBUITests;
			sourceTree = "<group>";
		};
		52FC856F266672390083B06C /* Classes */ = {
			isa = PBXGroup;
			children = (
				52FC8584266677B00083B06C /* Follow */,
				52FC8585266677B00083B06C /* Home */,
				52FC8583266677B00083B06C /* Live */,
				52FC8586266677B00083B06C /* Profile */,
				52FC8587266677B00083B06C /* Tools */,
				52FC8582266676E70083B06C /* Main */,
			);
			path = Classes;
			sourceTree = "<group>";
		};
		52FC8582266676E70083B06C /* Main */ = {
			isa = PBXGroup;
			children = (
			);
			path = Main;
			sourceTree = "<group>";
		};
		52FC8583266677B00083B06C /* Live */ = {
			isa = PBXGroup;
			children = (
			);
			path = Live;
			sourceTree = "<group>";
		};
		52FC8584266677B00083B06C /* Follow */ = {
			isa = PBXGroup;
			children = (
			);
			path = Follow;
			sourceTree = "<group>";
		};
		52FC8585266677B00083B06C /* Home */ = {
			isa = PBXGroup;
			children = (
			);
			path = Home;
			sourceTree = "<group>";
		};
		52FC8586266677B00083B06C /* Profile */ = {
			isa = PBXGroup;
			children = (
			);
			path = Profile;
			sourceTree = "<group>";
		};
		52FC8587266677B00083B06C /* Tools */ = {
			isa = PBXGroup;
			children = (
			);
			path = Tools;
			sourceTree = "<group>";
		};
/* End PBXGroup section */

/* Begin PBXNativeTarget section */
		5201E2F02663348F009D874E /* DYZB */ = {
			isa = PBXNativeTarget;
			buildConfigurationList = 5201E31B26633497009D874E /* Build configuration list for PBXNativeTarget "DYZB" */;
			buildPhases = (
				5201E2ED2663348F009D874E /* Sources */,
				5201E2EE2663348F009D874E /* Frameworks */,
				5201E2EF2663348F009D874E /* Resources */,
			);
			buildRules = (
			);
			dependencies = (
			);
			name = DYZB;
			productName = DYZB;
			productReference = 5201E2F12663348F009D874E /* DYZB.app */;
			productType = "com.apple.product-type.application";
		};
		5201E30626633497009D874E /* DYZBTests */ = {
			isa = PBXNativeTarget;
			buildConfigurationList = 5201E31E26633497009D874E /* Build configuration list for PBXNativeTarget "DYZBTests" */;
			buildPhases = (
				5201E30326633497009D874E /* Sources */,
				5201E30426633497009D874E /* Frameworks */,
				5201E30526633497009D874E /* Resources */,
			);
			buildRules = (
			);
			dependencies = (
				5201E30926633497009D874E /* PBXTargetDependency */,
			);
			name = DYZBTests;
			productName = DYZBTests;
			productReference = 5201E30726633497009D874E /* DYZBTests.xctest */;
			productType = "com.apple.product-type.bundle.unit-test";
		};
		5201E31126633497009D874E /* DYZBUITests */ = {
			isa = PBXNativeTarget;
			buildConfigurationList = 5201E32126633497009D874E /* Build configuration list for PBXNativeTarget "DYZBUITests" */;
			buildPhases = (
				5201E30E26633497009D874E /* Sources */,
				5201E30F26633497009D874E /* Frameworks */,
				5201E31026633497009D874E /* Resources */,
			);
			buildRules = (
			);
			dependencies = (
				5201E31426633497009D874E /* PBXTargetDependency */,
			);
			name = DYZBUITests;
			productName = DYZBUITests;
			productReference = 5201E31226633497009D874E /* DYZBUITests.xctest */;
			productType = "com.apple.product-type.bundle.ui-testing";
		};
/* End PBXNativeTarget section */

/* Begin PBXProject section */
		5201E2E92663348F009D874E /* Project object */ = {
			isa = PBXProject;
			attributes = {
				LastSwiftUpdateCheck = 1250;
				LastUpgradeCheck = 1250;
				TargetAttributes = {
					5201E2F02663348F009D874E = {
						CreatedOnToolsVersion = 12.5;
					};
					5201E30626633497009D874E = {
						CreatedOnToolsVersion = 12.5;
						TestTargetID = 5201E2F02663348F009D874E;
					};
					5201E31126633497009D874E = {
						CreatedOnToolsVersion = 12.5;
						TestTargetID = 5201E2F02663348F009D874E;
					};
				};
			};
			buildConfigurationList = 5201E2EC2663348F009D874E /* Build configuration list for PBXProject "DYZB" */;
			compatibilityVersion = "Xcode 9.3";
			developmentRegion = en;
			hasScannedForEncodings = 0;
			knownRegions = (
				en,
				Base,
			);
			mainGroup = 5201E2E82663348F009D874E;
			productRefGroup = 5201E2F22663348F009D874E /* Products */;
			projectDirPath = "";
			projectRoot = "";
			targets = (
				5201E2F02663348F009D874E /* DYZB */,
				5201E30626633497009D874E /* DYZBTests */,
				5201E31126633497009D874E /* DYZBUITests */,
			);
		};
/* End PBXProject section */

/* Begin PBXResourcesBuildPhase section */
		5201E2EF2663348F009D874E /* Resources */ = {
			isa = PBXResourcesBuildPhase;
			buildActionMask = 2147483647;
			files = (
				52FC8578266672BB0083B06C /* Home.storyboard in Resources */,
				5201E30126633497009D874E /* LaunchScreen.storyboard in Resources */,
				52FC8581266673B30083B06C /* Profile.storyboard in Resources */,
				5208189026651D8800BCC909 /* APP框架记录.md in Resources */,
				5201E2FE26633497009D874E /* Assets.xcassets in Resources */,
				5201E2FC2663348F009D874E /* Main.storyboard in Resources */,
				5208189226651D9100BCC909 /* 获取斗鱼IPA图片资源.md in Resources */,
				52FC857B2666730A0083B06C /* Live.storyboard in Resources */,
				5208188E26651D6E00BCC909 /* github命令使用.md in Resources */,
				52FC857E266673280083B06C /* Follow.storyboard in Resources */,
			);
			runOnlyForDeploymentPostprocessing = 0;
		};
		5201E30526633497009D874E /* Resources */ = {
			isa = PBXResourcesBuildPhase;
			buildActionMask = 2147483647;
			files = (
			);
			runOnlyForDeploymentPostprocessing = 0;
		};
		5201E31026633497009D874E /* Resources */ = {
			isa = PBXResourcesBuildPhase;
			buildActionMask = 2147483647;
			files = (
			);
			runOnlyForDeploymentPostprocessing = 0;
		};
/* End PBXResourcesBuildPhase section */

/* Begin PBXSourcesBuildPhase section */
		5201E2ED2663348F009D874E /* Sources */ = {
			isa = PBXSourcesBuildPhase;
			buildActionMask = 2147483647;
			files = (
				5201E2F92663348F009D874E /* ViewController.swift in Sources */,
				5201E2F52663348F009D874E /* AppDelegate.swift in Sources */,
				5201E2F72663348F009D874E /* SceneDelegate.swift in Sources */,
			);
			runOnlyForDeploymentPostprocessing = 0;
		};
		5201E30326633497009D874E /* Sources */ = {
			isa = PBXSourcesBuildPhase;
			buildActionMask = 2147483647;
			files = (
				5201E30C26633497009D874E /* DYZBTests.swift in Sources */,
			);
			runOnlyForDeploymentPostprocessing = 0;
		};
		5201E30E26633497009D874E /* Sources */ = {
			isa = PBXSourcesBuildPhase;
			buildActionMask = 2147483647;
			files = (
				5201E31726633497009D874E /* DYZBUITests.swift in Sources */,
			);
			runOnlyForDeploymentPostprocessing = 0;
		};
/* End PBXSourcesBuildPhase section */

/* Begin PBXTargetDependency section */
		5201E30926633497009D874E /* PBXTargetDependency */ = {
			isa = PBXTargetDependency;
			target = 5201E2F02663348F009D874E /* DYZB */;
			targetProxy = 5201E30826633497009D874E /* PBXContainerItemProxy */;
		};
		5201E31426633497009D874E /* PBXTargetDependency */ = {
			isa = PBXTargetDependency;
			target = 5201E2F02663348F009D874E /* DYZB */;
			targetProxy = 5201E31326633497009D874E /* PBXContainerItemProxy */;
		};
/* End PBXTargetDependency section */

/* Begin PBXVariantGroup section */
		5201E2FA2663348F009D874E /* Main.storyboard */ = {
			isa = PBXVariantGroup;
			children = (
				5201E2FB2663348F009D874E /* Base */,
			);
			name = Main.storyboard;
			sourceTree = "<group>";
		};
		5201E2FF26633497009D874E /* LaunchScreen.storyboard */ = {
			isa = PBXVariantGroup;
			children = (
				5201E30026633497009D874E /* Base */,
			);
			name = LaunchScreen.storyboard;
			sourceTree = "<group>";
		};
		52FC8576266672BB0083B06C /* Home.storyboard */ = {
			isa = PBXVariantGroup;
			children = (
				52FC8577266672BB0083B06C /* Base */,
			);
			name = Home.storyboard;
			sourceTree = "<group>";
		};
		52FC85792666730A0083B06C /* Live.storyboard */ = {
			isa = PBXVariantGroup;
			children = (
				52FC857A2666730A0083B06C /* Base */,
			);
			name = Live.storyboard;
			sourceTree = "<group>";
		};
		52FC857C266673280083B06C /* Follow.storyboard */ = {
			isa = PBXVariantGroup;
			children = (
				52FC857D266673280083B06C /* Base */,
			);
			name = Follow.storyboard;
			sourceTree = "<group>";
		};
		52FC857F266673B30083B06C /* Profile.storyboard */ = {
			isa = PBXVariantGroup;
			children = (
				52FC8580266673B30083B06C /* Base */,
			);
			name = Profile.storyboard;
			sourceTree = "<group>";
		};
/* End PBXVariantGroup section */

/* Begin XCBuildConfiguration section */
		5201E31926633497009D874E /* Debug */ = {
			isa = XCBuildConfiguration;
			buildSettings = {
				ALWAYS_SEARCH_USER_PATHS = NO;
				CLANG_ANALYZER_NONNULL = YES;
				CLANG_ANALYZER_NUMBER_OBJECT_CONVERSION = YES_AGGRESSIVE;
				CLANG_CXX_LANGUAGE_STANDARD = "gnu++14";
				CLANG_CXX_LIBRARY = "libc++";
				CLANG_ENABLE_MODULES = YES;
				CLANG_ENABLE_OBJC_ARC = YES;
				CLANG_ENABLE_OBJC_WEAK = YES;
				CLANG_WARN_BLOCK_CAPTURE_AUTORELEASING = YES;
				CLANG_WARN_BOOL_CONVERSION = YES;
				CLANG_WARN_COMMA = YES;
				CLANG_WARN_CONSTANT_CONVERSION = YES;
				CLANG_WARN_DEPRECATED_OBJC_IMPLEMENTATIONS = YES;
				CLANG_WARN_DIRECT_OBJC_ISA_USAGE = YES_ERROR;
				CLANG_WARN_DOCUMENTATION_COMMENTS = YES;
				CLANG_WARN_EMPTY_BODY = YES;
				CLANG_WARN_ENUM_CONVERSION = YES;
				CLANG_WARN_INFINITE_RECURSION = YES;
				CLANG_WARN_INT_CONVERSION = YES;
				CLANG_WARN_NON_LITERAL_NULL_CONVERSION = YES;
				CLANG_WARN_OBJC_IMPLICIT_RETAIN_SELF = YES;
				CLANG_WARN_OBJC_LITERAL_CONVERSION = YES;
				CLANG_WARN_OBJC_ROOT_CLASS = YES_ERROR;
				CLANG_WARN_QUOTED_INCLUDE_IN_FRAMEWORK_HEADER = YES;
				CLANG_WARN_RANGE_LOOP_ANALYSIS = YES;
				CLANG_WARN_STRICT_PROTOTYPES = YES;
				CLANG_WARN_SUSPICIOUS_MOVE = YES;
				CLANG_WARN_UNGUARDED_AVAILABILITY = YES_AGGRESSIVE;
				CLANG_WARN_UNREACHABLE_CODE = YES;
				CLANG_WARN__DUPLICATE_METHOD_MATCH = YES;
				COPY_PHASE_STRIP = NO;
				DEBUG_INFORMATION_FORMAT = dwarf;
				ENABLE_STRICT_OBJC_MSGSEND = YES;
				ENABLE_TESTABILITY = YES;
				GCC_C_LANGUAGE_STANDARD = gnu11;
				GCC_DYNAMIC_NO_PIC = NO;
				GCC_NO_COMMON_BLOCKS = YES;
				GCC_OPTIMIZATION_LEVEL = 0;
				GCC_PREPROCESSOR_DEFINITIONS = (
					"DEBUG=1",
					"$(inherited)",
				);
				GCC_WARN_64_TO_32_BIT_CONVERSION = YES;
				GCC_WARN_ABOUT_RETURN_TYPE = YES_ERROR;
				GCC_WARN_UNDECLARED_SELECTOR = YES;
				GCC_WARN_UNINITIALIZED_AUTOS = YES_AGGRESSIVE;
				GCC_WARN_UNUSED_FUNCTION = YES;
				GCC_WARN_UNUSED_VARIABLE = YES;
				IPHONEOS_DEPLOYMENT_TARGET = 14.5;
				MTL_ENABLE_DEBUG_INFO = INCLUDE_SOURCE;
				MTL_FAST_MATH = YES;
				ONLY_ACTIVE_ARCH = YES;
				SDKROOT = iphoneos;
				SWIFT_ACTIVE_COMPILATION_CONDITIONS = DEBUG;
				SWIFT_OPTIMIZATION_LEVEL = "-Onone";
			};
			name = Debug;
		};
		5201E31A26633497009D874E /* Release */ = {
			isa = XCBuildConfiguration;
			buildSettings = {
				ALWAYS_SEARCH_USER_PATHS = NO;
				CLANG_ANALYZER_NONNULL = YES;
				CLANG_ANALYZER_NUMBER_OBJECT_CONVERSION = YES_AGGRESSIVE;
				CLANG_CXX_LANGUAGE_STANDARD = "gnu++14";
				CLANG_CXX_LIBRARY = "libc++";
				CLANG_ENABLE_MODULES = YES;
				CLANG_ENABLE_OBJC_ARC = YES;
				CLANG_ENABLE_OBJC_WEAK = YES;
				CLANG_WARN_BLOCK_CAPTURE_AUTORELEASING = YES;
				CLANG_WARN_BOOL_CONVERSION = YES;
				CLANG_WARN_COMMA = YES;
				CLANG_WARN_CONSTANT_CONVERSION = YES;
				CLANG_WARN_DEPRECATED_OBJC_IMPLEMENTATIONS = YES;
				CLANG_WARN_DIRECT_OBJC_ISA_USAGE = YES_ERROR;
				CLANG_WARN_DOCUMENTATION_COMMENTS = YES;
				CLANG_WARN_EMPTY_BODY = YES;
				CLANG_WARN_ENUM_CONVERSION = YES;
				CLANG_WARN_INFINITE_RECURSION = YES;
				CLANG_WARN_INT_CONVERSION = YES;
				CLANG_WARN_NON_LITERAL_NULL_CONVERSION = YES;
				CLANG_WARN_OBJC_IMPLICIT_RETAIN_SELF = YES;
				CLANG_WARN_OBJC_LITERAL_CONVERSION = YES;
				CLANG_WARN_OBJC_ROOT_CLASS = YES_ERROR;
				CLANG_WARN_QUOTED_INCLUDE_IN_FRAMEWORK_HEADER = YES;
				CLANG_WARN_RANGE_LOOP_ANALYSIS = YES;
				CLANG_WARN_STRICT_PROTOTYPES = YES;
				CLANG_WARN_SUSPICIOUS_MOVE = YES;
				CLANG_WARN_UNGUARDED_AVAILABILITY = YES_AGGRESSIVE;
				CLANG_WARN_UNREACHABLE_CODE = YES;
				CLANG_WARN__DUPLICATE_METHOD_MATCH = YES;
				COPY_PHASE_STRIP = NO;
				DEBUG_INFORMATION_FORMAT = "dwarf-with-dsym";
				ENABLE_NS_ASSERTIONS = NO;
				ENABLE_STRICT_OBJC_MSGSEND = YES;
				GCC_C_LANGUAGE_STANDARD = gnu11;
				GCC_NO_COMMON_BLOCKS = YES;
				GCC_WARN_64_TO_32_BIT_CONVERSION = YES;
				GCC_WARN_ABOUT_RETURN_TYPE = YES_ERROR;
				GCC_WARN_UNDECLARED_SELECTOR = YES;
				GCC_WARN_UNINITIALIZED_AUTOS = YES_AGGRESSIVE;
				GCC_WARN_UNUSED_FUNCTION = YES;
				GCC_WARN_UNUSED_VARIABLE = YES;
				IPHONEOS_DEPLOYMENT_TARGET = 14.5;
				MTL_ENABLE_DEBUG_INFO = NO;
				MTL_FAST_MATH = YES;
				SDKROOT = iphoneos;
				SWIFT_COMPILATION_MODE = wholemodule;
				SWIFT_OPTIMIZATION_LEVEL = "-O";
				VALIDATE_PRODUCT = YES;
			};
			name = Release;
		};
		5201E31C26633497009D874E /* Debug */ = {
			isa = XCBuildConfiguration;
			buildSettings = {
				ASSETCATALOG_COMPILER_APPICON_NAME = AppIcon;
				ASSETCATALOG_COMPILER_GLOBAL_ACCENT_COLOR_NAME = AccentColor;
				CODE_SIGN_STYLE = Automatic;
				DEVELOPMENT_TEAM = 7DWKSKC3QB;
				INFOPLIST_FILE = DYZB/Info.plist;
				LD_RUNPATH_SEARCH_PATHS = (
					"$(inherited)",
					"@executable_path/Frameworks",
				);
				PRODUCT_BUNDLE_IDENTIFIER = com.further.DYZB;
				PRODUCT_NAME = "$(TARGET_NAME)";
				SWIFT_VERSION = 5.0;
				TARGETED_DEVICE_FAMILY = "1,2";
			};
			name = Debug;
		};
		5201E31D26633497009D874E /* Release */ = {
			isa = XCBuildConfiguration;
			buildSettings = {
				ASSETCATALOG_COMPILER_APPICON_NAME = AppIcon;
				ASSETCATALOG_COMPILER_GLOBAL_ACCENT_COLOR_NAME = AccentColor;
				CODE_SIGN_STYLE = Automatic;
				DEVELOPMENT_TEAM = 7DWKSKC3QB;
				INFOPLIST_FILE = DYZB/Info.plist;
				LD_RUNPATH_SEARCH_PATHS = (
					"$(inherited)",
					"@executable_path/Frameworks",
				);
				PRODUCT_BUNDLE_IDENTIFIER = com.further.DYZB;
				PRODUCT_NAME = "$(TARGET_NAME)";
				SWIFT_VERSION = 5.0;
				TARGETED_DEVICE_FAMILY = "1,2";
			};
			name = Release;
		};
		5201E31F26633497009D874E /* Debug */ = {
			isa = XCBuildConfiguration;
			buildSettings = {
				ALWAYS_EMBED_SWIFT_STANDARD_LIBRARIES = YES;
				BUNDLE_LOADER = "$(TEST_HOST)";
				CODE_SIGN_STYLE = Automatic;
				DEVELOPMENT_TEAM = 7DWKSKC3QB;
				INFOPLIST_FILE = DYZBTests/Info.plist;
				IPHONEOS_DEPLOYMENT_TARGET = 14.5;
				LD_RUNPATH_SEARCH_PATHS = (
					"$(inherited)",
					"@executable_path/Frameworks",
					"@loader_path/Frameworks",
				);
				PRODUCT_BUNDLE_IDENTIFIER = com.further.DYZB.DYZBTests;
				PRODUCT_NAME = "$(TARGET_NAME)";
				SWIFT_VERSION = 5.0;
				TARGETED_DEVICE_FAMILY = "1,2";
				TEST_HOST = "$(BUILT_PRODUCTS_DIR)/DYZB.app/DYZB";
			};
			name = Debug;
		};
		5201E32026633497009D874E /* Release */ = {
			isa = XCBuildConfiguration;
			buildSettings = {
				ALWAYS_EMBED_SWIFT_STANDARD_LIBRARIES = YES;
				BUNDLE_LOADER = "$(TEST_HOST)";
				CODE_SIGN_STYLE = Automatic;
				DEVELOPMENT_TEAM = 7DWKSKC3QB;
				INFOPLIST_FILE = DYZBTests/Info.plist;
				IPHONEOS_DEPLOYMENT_TARGET = 14.5;
				LD_RUNPATH_SEARCH_PATHS = (
					"$(inherited)",
					"@executable_path/Frameworks",
					"@loader_path/Frameworks",
				);
				PRODUCT_BUNDLE_IDENTIFIER = com.further.DYZB.DYZBTests;
				PRODUCT_NAME = "$(TARGET_NAME)";
				SWIFT_VERSION = 5.0;
				TARGETED_DEVICE_FAMILY = "1,2";
				TEST_HOST = "$(BUILT_PRODUCTS_DIR)/DYZB.app/DYZB";
			};
			name = Release;
		};
		5201E32226633497009D874E /* Debug */ = {
			isa = XCBuildConfiguration;
			buildSettings = {
				ALWAYS_EMBED_SWIFT_STANDARD_LIBRARIES = YES;
				CODE_SIGN_STYLE = Automatic;
				DEVELOPMENT_TEAM = 7DWKSKC3QB;
				INFOPLIST_FILE = DYZBUITests/Info.plist;
				LD_RUNPATH_SEARCH_PATHS = (
					"$(inherited)",
					"@executable_path/Frameworks",
					"@loader_path/Frameworks",
				);
				PRODUCT_BUNDLE_IDENTIFIER = com.further.DYZB.DYZBUITests;
				PRODUCT_NAME = "$(TARGET_NAME)";
				SWIFT_VERSION = 5.0;
				TARGETED_DEVICE_FAMILY = "1,2";
				TEST_TARGET_NAME = DYZB;
			};
			name = Debug;
		};
		5201E32326633497009D874E /* Release */ = {
			isa = XCBuildConfiguration;
			buildSettings = {
				ALWAYS_EMBED_SWIFT_STANDARD_LIBRARIES = YES;
				CODE_SIGN_STYLE = Automatic;
				DEVELOPMENT_TEAM = 7DWKSKC3QB;
				INFOPLIST_FILE = DYZBUITests/Info.plist;
				LD_RUNPATH_SEARCH_PATHS = (
					"$(inherited)",
					"@executable_path/Frameworks",
					"@loader_path/Frameworks",
				);
				PRODUCT_BUNDLE_IDENTIFIER = com.further.DYZB.DYZBUITests;
				PRODUCT_NAME = "$(TARGET_NAME)";
				SWIFT_VERSION = 5.0;
				TARGETED_DEVICE_FAMILY = "1,2";
				TEST_TARGET_NAME = DYZB;
			};
			name = Release;
		};
/* End XCBuildConfiguration section */

/* Begin XCConfigurationList section */
		5201E2EC2663348F009D874E /* Build configuration list for PBXProject "DYZB" */ = {
			isa = XCConfigurationList;
			buildConfigurations = (
				5201E31926633497009D874E /* Debug */,
				5201E31A26633497009D874E /* Release */,
			);
			defaultConfigurationIsVisible = 0;
			defaultConfigurationName = Release;
		};
		5201E31B26633497009D874E /* Build configuration list for PBXNativeTarget "DYZB" */ = {
			isa = XCConfigurationList;
			buildConfigurations = (
				5201E31C26633497009D874E /* Debug */,
				5201E31D26633497009D874E /* Release */,
			);
			defaultConfigurationIsVisible = 0;
			defaultConfigurationName = Release;
		};
		5201E31E26633497009D874E /* Build configuration list for PBXNativeTarget "DYZBTests" */ = {
			isa = XCConfigurationList;
			buildConfigurations = (
				5201E31F26633497009D874E /* Debug */,
				5201E32026633497009D874E /* Release */,
			);
			defaultConfigurationIsVisible = 0;
			defaultConfigurationName = Release;
		};
		5201E32126633497009D874E /* Build configuration list for PBXNativeTarget "DYZBUITests" */ = {
			isa = XCConfigurationList;
			buildConfigurations = (
				5201E32226633497009D874E /* Debug */,
				5201E32326633497009D874E /* Release */,
			);
			defaultConfigurationIsVisible = 0;
			defaultConfigurationName = Release;
		};
/* End XCConfigurationList section */
	};
	rootObject = 5201E2E92663348F009D874E /* Project object */;
}
